
Microsoft Visual Studio Solution File, Format Version 12.00
# Visual Studio Version 17
VisualStudioVersion = 17.4.33122.133
MinimumVisualStudioVersion = 10.0.40219.1
Project("{FAE04EC0-301F-11D3-BF4B-00C04F79EFBC}") = "IMS_Heist", "IMS_Heist\IMS_Heist.csproj", "{15FD048D-6C31-4CD0-9B96-7D9B9717FED9}"
EndProject
Global
	GlobalSection(SolutionConfigurationPlatforms) = preSolution
		Debug|Any CPU = Debug|Any CPU
		Release|Any CPU = Release|Any CPU
	EndGlobalSection
	GlobalSection(ProjectConfigurationPlatforms) = postSolution
		{15FD048D-6C31-4CD0-9B96-7D9B9717FED9}.Debug|Any CPU.ActiveCfg = Debug|Any CPU
		{15FD048D-6C31-4CD0-9B96-7D9B9717FED9}.Debug|Any CPU.Build.0 = Debug|Any CPU
		{15FD048D-6C31-4CD0-9B96-7D9B9717FED9}.Release|Any CPU.ActiveCfg = Release|Any CPU
		{15FD048D-6C31-4CD0-9B96-7D9B9717FED9}.Release|Any CPU.Build.0 = Release|Any CPU
	EndGlobalSection
	GlobalSection(SolutionProperties) = preSolution
		HideSolutionNode = FALSE
	EndGlobalSection
	GlobalSection(ExtensibilityGlobals) = postSolution
		SolutionGuid = {01B8B293-A7B5-466D-8C6D-437476E495AD}
	EndGlobalSection
EndGlobal
